schema: '2.0'
stages:
  extract-audio:
    cmd: python preprocess/AFEW_to_wav.py
    deps:
    - path: data/AFEW
      md5: b95786aa95e6109389e7633ae7345e57.dir
      size: 1581710082
      nfiles: 1029
    - path: preprocess/AFEW_to_wav.py
      md5: c67dceb2f957c3cb66f40e03eeb6fae4
      size: 1616
    outs:
    - path: data/AFEW_wav
      md5: 628216a770095e845d66b350b1957e58.dir
      size: 493150086
      nfiles: 1029
  afew-extract-wav:
    cmd: python preprocess/AFEW_to_wav.py
    deps:
    - path: data/AFEW
      md5: 1d118fa364b419db2a8bded4a1fa4ec9.dir
      size: 1541584474
      nfiles: 1004
    params:
      params.yaml:
        afew_raw: data/AFEW
        afew_wav: data/AFEW_wav
    outs:
    - path: data/AFEW_wav
      md5: 135518fb154d9dc1516288d994cd70ef.dir
      size: 481669608
      nfiles: 1004
  extract-mfcc-features:
    cmd: python preprocess/mfcc_features.py
    deps:
    - path: data/AFEW_wav
      md5: 135518fb154d9dc1516288d994cd70ef.dir
      size: 481669608
      nfiles: 1004
    - path: data/TESS
      md5: 729c1ffdb9f351e26c483055baf0485e.dir
      size: 281330024
      nfiles: 2800
    params:
      params.yaml:
        afew_mfcc: data/AFEW_MFCC
        afew_wav: data/AFEW_wav
        tess_mfcc: data/TESS_MFCC
        tess_wav: data/TESS
    outs:
    - path: data/AFEW_MFCC
      md5: 52d6107ec3ac4cacfc7aab5cafd67ed4.dir
      size: 8811553
      nfiles: 1004
    - path: data/TESS_MFCC
      md5: 0e32d473848d1017975d5b5f8f87513e.dir
      size: 20298480
      nfiles: 2800
  train-test-split:
    cmd:
    - python preprocess/TESS_train_test_split.py
    deps:
    - path: data/TESS_MFCC
      md5: 0e32d473848d1017975d5b5f8f87513e.dir
      size: 20298480
      nfiles: 2800
    params:
      params.yaml:
        tess_mfcc: data/TESS_MFCC
        tess_split: data/tess_split.pkl
        train.folds: 5
    outs:
    - path: data/tess_split.pkl
      md5: 145629866c31fb123049a003118996be
      size: 100203
  extract-lpcc-features:
    cmd: python preprocess/lpcc_features.py
    deps:
    - path: data/AFEW_wav
      md5: 135518fb154d9dc1516288d994cd70ef.dir
      size: 481669608
      nfiles: 1004
    - path: data/TESS
      md5: 729c1ffdb9f351e26c483055baf0485e.dir
      size: 281330024
      nfiles: 2800
    params:
      params.yaml:
        afew_lpcc: data/AFEW_LPCC
        afew_wav: data/AFEW_wav
        tess_lpcc: data/TESS_LPCC
        tess_wav: data/TESS
    outs:
    - path: data/AFEW_LPCC
      md5: f2590b4c9b10be83d0a1188d1078d3c6.dir
      size: 26894615
      nfiles: 1004
    - path: data/TESS_LPCC
      md5: 6d2eab3eed32f21b3d2bc4322746b0ad.dir
      size: 62088511
      nfiles: 2800
